
Microsoft Visual Studio Solution File, Format Version 12.00
# Visual Studio Version 17
VisualStudioVersion = 17.14.36327.8 d17.14
MinimumVisualStudioVersion = 10.0.40219.1
Project("{FAE04EC0-301F-11D3-BF4B-00C04F79EFBC}") = "StudentCRUD", "StudentCRUD\StudentCRUD.csproj", "{731F338D-6A32-4F22-AC2A-5626ABEBB61B}"
EndProject
Project("{FAE04EC0-301F-11D3-BF4B-00C04F79EFBC}") = "Repositories", "Repositories\Repositories.csproj", "{3D0A1D7B-D431-4D8D-9F70-EA757647E849}"
EndProject
Project("{FAE04EC0-301F-11D3-BF4B-00C04F79EFBC}") = "DataAccess", "DataAccess\DataAccess.csproj", "{2FFDD258-1AC4-4465-969A-5E4086E85542}"
EndProject
Project("{FAE04EC0-301F-11D3-BF4B-00C04F79EFBC}") = "StudentObjects", "StudentObjects\StudentObjects.csproj", "{FA42F42D-9923-4A18-A7ED-832E65C13F08}"
EndProject
Global
	GlobalSection(SolutionConfigurationPlatforms) = preSolution
		Debug|Any CPU = Debug|Any CPU
		Release|Any CPU = Release|Any CPU
	EndGlobalSection
	GlobalSection(ProjectConfigurationPlatforms) = postSolution
		{731F338D-6A32-4F22-AC2A-5626ABEBB61B}.Debug|Any CPU.ActiveCfg = Debug|Any CPU
		{731F338D-6A32-4F22-AC2A-5626ABEBB61B}.Debug|Any CPU.Build.0 = Debug|Any CPU
		{731F338D-6A32-4F22-AC2A-5626ABEBB61B}.Release|Any CPU.ActiveCfg = Release|Any CPU
		{731F338D-6A32-4F22-AC2A-5626ABEBB61B}.Release|Any CPU.Build.0 = Release|Any CPU
		{3D0A1D7B-D431-4D8D-9F70-EA757647E849}.Debug|Any CPU.ActiveCfg = Debug|Any CPU
		{3D0A1D7B-D431-4D8D-9F70-EA757647E849}.Debug|Any CPU.Build.0 = Debug|Any CPU
		{3D0A1D7B-D431-4D8D-9F70-EA757647E849}.Release|Any CPU.ActiveCfg = Release|Any CPU
		{3D0A1D7B-D431-4D8D-9F70-EA757647E849}.Release|Any CPU.Build.0 = Release|Any CPU
		{2FFDD258-1AC4-4465-969A-5E4086E85542}.Debug|Any CPU.ActiveCfg = Debug|Any CPU
		{2FFDD258-1AC4-4465-969A-5E4086E85542}.Debug|Any CPU.Build.0 = Debug|Any CPU
		{2FFDD258-1AC4-4465-969A-5E4086E85542}.Release|Any CPU.ActiveCfg = Release|Any CPU
		{2FFDD258-1AC4-4465-969A-5E4086E85542}.Release|Any CPU.Build.0 = Release|Any CPU
		{FA42F42D-9923-4A18-A7ED-832E65C13F08}.Debug|Any CPU.ActiveCfg = Debug|Any CPU
		{FA42F42D-9923-4A18-A7ED-832E65C13F08}.Debug|Any CPU.Build.0 = Debug|Any CPU
		{FA42F42D-9923-4A18-A7ED-832E65C13F08}.Release|Any CPU.ActiveCfg = Release|Any CPU
		{FA42F42D-9923-4A18-A7ED-832E65C13F08}.Release|Any CPU.Build.0 = Release|Any CPU
	EndGlobalSection
	GlobalSection(SolutionProperties) = preSolution
		HideSolutionNode = FALSE
	EndGlobalSection
	GlobalSection(ExtensibilityGlobals) = postSolution
		SolutionGuid = {B30B4862-D198-4A24-884C-B231CADBF3AD}
	EndGlobalSection
EndGlobal
